
Microsoft Visual Studio Solution File, Format Version 12.00
# Visual Studio Version 17
VisualStudioVersion = 17.4.33122.133
MinimumVisualStudioVersion = 10.0.40219.1
Project("{9A19103F-16F7-4668-BE54-9A1E7A4F7556}") = "HotelManagerSystem.API", "HotelManagerSystem.API.csproj", "{A8D87106-2255-43DC-94FC-4CFE2D232B17}"
EndProject
Project("{9A19103F-16F7-4668-BE54-9A1E7A4F7556}") = "HotelManagerSystem.Models", "..\HotelManagerSystem.Models\HotelManagerSystem.Models.csproj", "{BDAED99A-DFA6-4A45-B718-B5500DCE9B04}"
EndProject
Project("{9A19103F-16F7-4668-BE54-9A1E7A4F7556}") = "HotelManagerSystem.Common", "..\HotelManagerSystem.Common\HotelManagerSystem.Common.csproj", "{6CA627AD-A2D2-48BA-A4C4-BA83AF9CF570}"
EndProject
Project("{9A19103F-16F7-4668-BE54-9A1E7A4F7556}") = "HotelManagerSystem.Test", "..\HotelManagerSystem.Test\HotelManagerSystem.Test.csproj", "{53DE11C1-C05D-42AC-B798-B40EDE9A4FF0}"
EndProject
Project("{9A19103F-16F7-4668-BE54-9A1E7A4F7556}") = "HotelManagerSystem.BL", "..\HotelManagerSystem.BL\HotelManagerSystem.BL.csproj", "{FC89B479-F56C-45B9-8966-E82BA98D9DD9}"
EndProject
Project("{9A19103F-16F7-4668-BE54-9A1E7A4F7556}") = "HotelManagerSystem.CMD", "..\HotelManagerSystem.CMD\HotelManagerSystem.CMD.csproj", "{0B8377D1-D73A-428B-8FFE-FFD2824CDA3C}"
EndProject
Project("{FAE04EC0-301F-11D3-BF4B-00C04F79EFBC}") = "HotelManagerSystem.DAL", "..\HotelManagerSystem.DAL\HotelManagerSystem.DAL.csproj", "{FD089294-268E-4F3E-8B81-466900473928}"
	ProjectSection(ProjectDependencies) = postProject
		{BDAED99A-DFA6-4A45-B718-B5500DCE9B04} = {BDAED99A-DFA6-4A45-B718-B5500DCE9B04}
	EndProjectSection
EndProject
Global
	GlobalSection(SolutionConfigurationPlatforms) = preSolution
		Debug|Any CPU = Debug|Any CPU
		Release|Any CPU = Release|Any CPU
	EndGlobalSection
	GlobalSection(ProjectConfigurationPlatforms) = postSolution
		{A8D87106-2255-43DC-94FC-4CFE2D232B17}.Debug|Any CPU.ActiveCfg = Debug|Any CPU
		{A8D87106-2255-43DC-94FC-4CFE2D232B17}.Debug|Any CPU.Build.0 = Debug|Any CPU
		{A8D87106-2255-43DC-94FC-4CFE2D232B17}.Release|Any CPU.ActiveCfg = Release|Any CPU
		{A8D87106-2255-43DC-94FC-4CFE2D232B17}.Release|Any CPU.Build.0 = Release|Any CPU
		{BDAED99A-DFA6-4A45-B718-B5500DCE9B04}.Debug|Any CPU.ActiveCfg = Debug|Any CPU
		{BDAED99A-DFA6-4A45-B718-B5500DCE9B04}.Debug|Any CPU.Build.0 = Debug|Any CPU
		{BDAED99A-DFA6-4A45-B718-B5500DCE9B04}.Release|Any CPU.ActiveCfg = Release|Any CPU
		{BDAED99A-DFA6-4A45-B718-B5500DCE9B04}.Release|Any CPU.Build.0 = Release|Any CPU
		{6CA627AD-A2D2-48BA-A4C4-BA83AF9CF570}.Debug|Any CPU.ActiveCfg = Debug|Any CPU
		{6CA627AD-A2D2-48BA-A4C4-BA83AF9CF570}.Debug|Any CPU.Build.0 = Debug|Any CPU
		{6CA627AD-A2D2-48BA-A4C4-BA83AF9CF570}.Release|Any CPU.ActiveCfg = Release|Any CPU
		{6CA627AD-A2D2-48BA-A4C4-BA83AF9CF570}.Release|Any CPU.Build.0 = Release|Any CPU
		{53DE11C1-C05D-42AC-B798-B40EDE9A4FF0}.Debug|Any CPU.ActiveCfg = Debug|Any CPU
		{53DE11C1-C05D-42AC-B798-B40EDE9A4FF0}.Debug|Any CPU.Build.0 = Debug|Any CPU
		{53DE11C1-C05D-42AC-B798-B40EDE9A4FF0}.Release|Any CPU.ActiveCfg = Release|Any CPU
		{53DE11C1-C05D-42AC-B798-B40EDE9A4FF0}.Release|Any CPU.Build.0 = Release|Any CPU
		{FC89B479-F56C-45B9-8966-E82BA98D9DD9}.Debug|Any CPU.ActiveCfg = Debug|Any CPU
		{FC89B479-F56C-45B9-8966-E82BA98D9DD9}.Debug|Any CPU.Build.0 = Debug|Any CPU
		{FC89B479-F56C-45B9-8966-E82BA98D9DD9}.Release|Any CPU.ActiveCfg = Release|Any CPU
		{FC89B479-F56C-45B9-8966-E82BA98D9DD9}.Release|Any CPU.Build.0 = Release|Any CPU
		{0B8377D1-D73A-428B-8FFE-FFD2824CDA3C}.Debug|Any CPU.ActiveCfg = Debug|Any CPU
		{0B8377D1-D73A-428B-8FFE-FFD2824CDA3C}.Debug|Any CPU.Build.0 = Debug|Any CPU
		{0B8377D1-D73A-428B-8FFE-FFD2824CDA3C}.Release|Any CPU.ActiveCfg = Release|Any CPU
		{0B8377D1-D73A-428B-8FFE-FFD2824CDA3C}.Release|Any CPU.Build.0 = Release|Any CPU
		{FD089294-268E-4F3E-8B81-466900473928}.Debug|Any CPU.ActiveCfg = Debug|Any CPU
		{FD089294-268E-4F3E-8B81-466900473928}.Debug|Any CPU.Build.0 = Debug|Any CPU
		{FD089294-268E-4F3E-8B81-466900473928}.Release|Any CPU.ActiveCfg = Release|Any CPU
		{FD089294-268E-4F3E-8B81-466900473928}.Release|Any CPU.Build.0 = Release|Any CPU
	EndGlobalSection
	GlobalSection(SolutionProperties) = preSolution
		HideSolutionNode = FALSE
	EndGlobalSection
	GlobalSection(ExtensibilityGlobals) = postSolution
		SolutionGuid = {4C691584-DB08-4721-B4AE-7974FB374644}
	EndGlobalSection
EndGlobal
